
Microsoft Visual Studio Solution File, Format Version 12.00
# Visual Studio 2013
VisualStudioVersion = 12.0.30501.0
MinimumVisualStudioVersion = 10.0.40219.1
Project("{8BC9CEB8-8B4A-11D0-8D11-00A0C91BC942}") = "获取字符串最长数字序列", "获取字符串最长数字序列.vcxproj", "{BE14714B-5EDB-40B6-90B4-26B6924A7665}"
EndProject
Global
	GlobalSection(SolutionConfigurationPlatforms) = preSolution
		Debug|Win32 = Debug|Win32
		Release|Win32 = Release|Win32
	EndGlobalSection
	GlobalSection(ProjectConfigurationPlatforms) = postSolution
		{BE14714B-5EDB-40B6-90B4-26B6924A7665}.Debug|Win32.ActiveCfg = Debug|Win32
		{BE14714B-5EDB-40B6-90B4-26B6924A7665}.Debug|Win32.Build.0 = Debug|Win32
		{BE14714B-5EDB-40B6-90B4-26B6924A7665}.Release|Win32.ActiveCfg = Release|Win32
		{BE14714B-5EDB-40B6-90B4-26B6924A7665}.Release|Win32.Build.0 = Release|Win32
	EndGlobalSection
	GlobalSection(SolutionProperties) = preSolution
		HideSolutionNode = FALSE
	EndGlobalSection
EndGlobal
