<?xml version="1.0" encoding="utf-8"?>
<Project ToolsVersion="4.0" xmlns="http://schemas.microsoft.com/developer/msbuild/2003">
  <ItemGroup>
    <Filter Include="源文件">
      <UniqueIdentifier>{4FC737F1-C7A5-4376-A066-2A32D752A2FF}</UniqueIdentifier>
      <Extensions>cpp;c;cc;cxx;def;odl;idl;hpj;bat;asm;asmx</Extensions>
    </Filter>
    <Filter Include="头文件">
      <UniqueIdentifier>{93995380-89BD-4b04-88EB-625FBE52EBFB}</UniqueIdentifier>
      <Extensions>h;hh;hpp;hxx;hm;inl;inc;xsd</Extensions>
    </Filter>
    <Filter Include="资源文件">
      <UniqueIdentifier>{67DA6AB6-F800-4c08-8B7A-83BB121AAD01}</UniqueIdentifier>
      <Extensions>rc;ico;cur;bmp;dlg;rc2;rct;bin;rgs;gif;jpg;jpeg;jpe;resx;tiff;tif;png;wav;mfcribbon-ms</Extensions>
    </Filter>
  </ItemGroup>
  <ItemGroup>
    <ClCompile Include="fun.cpp">
      <Filter>源文件</Filter>
    </ClCompile>
    <ClCompile Include="测试输出输出.cpp">
      <Filter>源文件</Filter>
    </ClCompile>
    <ClCompile Include="字符倒置.cpp">
      <Filter>源文件</Filter>
    </ClCompile>
    <ClCompile Include="求ABC糖果数.cpp">
      <Filter>源文件</Filter>
    </ClCompile>
    <ClCompile Include="进制转化.cpp">
      <Filter>源文件</Filter>
    </ClCompile>
    <ClCompile Include="最大子序和.cpp">
      <Filter>源文件</Filter>
    </ClCompile>
    <ClCompile Include="插入字符串判断回文.cpp">
      <Filter>源文件</Filter>
    </ClCompile>
    <ClCompile Include="stoi.cpp">
      <Filter>源文件</Filter>
    </ClCompile>
    <ClCompile Include="WH行格子.cpp">
      <Filter>源文件</Filter>
    </ClCompile>
    <ClCompile Include="考拉判断字符排序.cpp">
      <Filter>源文件</Filter>
    </ClCompile>
    <ClCompile Include="最小公倍数.cpp">
      <Filter>源文件</Filter>
    </ClCompile>
    <ClCompile Include="获取最近共同父节点.cpp">
      <Filter>源文件</Filter>
    </ClCompile>
    <ClCompile Include="求一个byte数字对应的二进制数字中1的最大连续数.cpp">
      <Filter>源文件</Filter>
    </ClCompile>
    <ClCompile Include="求偶数的最小差素数组合.cpp">
      <Filter>源文件</Filter>
    </ClCompile>
    <ClCompile Include="二进制位插入.cpp">
      <Filter>源文件</Filter>
    </ClCompile>
    <ClCompile Include="参数解析.cpp">
      <Filter>源文件</Filter>
    </ClCompile>
    <ClCompile Include="跳石板.cpp">
      <Filter>源文件</Filter>
    </ClCompile>
    <ClCompile Include="计算日期到天数的转化.cpp">
      <Filter>源文件</Filter>
    </ClCompile>
    <ClCompile Include="求幸运袋子.cpp">
      <Filter>源文件</Filter>
    </ClCompile>
    <ClCompile Include="查找输入整数中二进制1的个数.cpp">
      <Filter>源文件</Filter>
    </ClCompile>
    <ClCompile Include="手套.cpp">
      <Filter>源文件</Filter>
    </ClCompile>
    <ClCompile Include="两个超长正整数加法.cpp">
      <Filter>源文件</Filter>
    </ClCompile>
    <ClCompile Include="喝汽水.cpp">
      <Filter>源文件</Filter>
    </ClCompile>
    <ClCompile Include="反转字符串.cpp">
      <Filter>源文件</Filter>
    </ClCompile>
    <ClCompile Include="计算两个字符串中的最长公共子串长度.cpp">
      <Filter>源文件</Filter>
    </ClCompile>
    <ClCompile Include="小易打怪升级.cpp">
      <Filter>源文件</Filter>
    </ClCompile>
    <ClCompile Include="找出字符串第一个出现一次的字符.cpp">
      <Filter>源文件</Filter>
    </ClCompile>
    <ClCompile Include="找出重复元素重复数量大于数组长度一半的那个元素.cpp">
      <Filter>源文件</Filter>
    </ClCompile>
    <ClCompile Include="计算字符串之间距离.cpp">
      <Filter>源文件</Filter>
    </ClCompile>
  </ItemGroup>
  <ItemGroup>
    <ClInclude Include="fun.h">
      <Filter>头文件</Filter>
    </ClInclude>
  </ItemGroup>
</Project>